
Microsoft Visual Studio Solution File, Format Version 12.00
# Visual Studio Version 17
VisualStudioVersion = 17.12.35514.174
MinimumVisualStudioVersion = 10.0.40219.1
Project("{FAE04EC0-301F-11D3-BF4B-00C04F79EFBC}") = "ASPA001", "ASPA001\ASPA001.csproj", "{431D9E31-029B-47A0-A2BC-D9030719E4DC}"
EndProject
Project("{FAE04EC0-301F-11D3-BF4B-00C04F79EFBC}") = "ASPA002_1", "ASPA002_1\ASPA002_1.csproj", "{11092904-D2E8-483B-A0B7-62592B2E30D4}"
EndProject
Project("{FAE04EC0-301F-11D3-BF4B-00C04F79EFBC}") = "ASPA002_02", "ASPA002_02\ASPA002_02.csproj", "{CF0FDB0C-7243-4D89-B4A6-170581179B0B}"
EndProject
Project("{FAE04EC0-301F-11D3-BF4B-00C04F79EFBC}") = "ASPA002_3", "ASPA002_3\ASPA002_3.csproj", "{3FDB14B7-9307-4AA0-9459-CF2B0F0560A7}"
EndProject
Project("{FAE04EC0-301F-11D3-BF4B-00C04F79EFBC}") = "DAL003", "DAL003\DAL003.csproj", "{23D3B92C-9FB0-4E9E-BB07-22C668811830}"
EndProject
Project("{FAE04EC0-301F-11D3-BF4B-00C04F79EFBC}") = "Test_DAL003", "Test_DAL003\Test_DAL003.csproj", "{9877132F-031A-4DBB-9C55-F8B74291D0EA}"
EndProject
Project("{FAE04EC0-301F-11D3-BF4B-00C04F79EFBC}") = "ASPA003", "ASPA003\ASPA003.csproj", "{17C3E8EB-2D5B-4788-893D-196905F83FDE}"
EndProject
Project("{FAE04EC0-301F-11D3-BF4B-00C04F79EFBC}") = "DAL004", "DAL004\DAL004.csproj", "{B8C0E061-1132-4F44-9C8D-551970F04C81}"
EndProject
Project("{FAE04EC0-301F-11D3-BF4B-00C04F79EFBC}") = "Test_DAL004", "Test_DAL004\Test_DAL004.csproj", "{5D69E4D7-3CB0-4B35-AAD5-6C8EB0B2F624}"
EndProject
Project("{FAE04EC0-301F-11D3-BF4B-00C04F79EFBC}") = "ASPA004_1", "ASPA004_1\ASPA004_1.csproj", "{AF57A552-F521-4620-B46A-56A985E84274}"
EndProject
Project("{FAE04EC0-301F-11D3-BF4B-00C04F79EFBC}") = "ASPA004_2", "ASPA004_2\ASPA004_2.csproj", "{B0FB1E72-CC83-49FB-8A6D-66F942F08080}"
EndProject
Project("{FAE04EC0-301F-11D3-BF4B-00C04F79EFBC}") = "ASPA004_3", "ASPA004_3\ASPA004_3.csproj", "{45E113C9-EFCA-46F6-877A-E30A2854E820}"
EndProject
Project("{FAE04EC0-301F-11D3-BF4B-00C04F79EFBC}") = "ASPA005_1", "ASPA005_1\ASPA005_1.csproj", "{3540D802-1709-4CE3-A578-6BB0DF5BCB03}"
EndProject
Project("{FAE04EC0-301F-11D3-BF4B-00C04F79EFBC}") = "ASPA005_02", "ASPA005_02\ASPA005_02.csproj", "{E63008F7-21CF-41D6-8AFE-755ADB7086E4}"
EndProject
Project("{FAE04EC0-301F-11D3-BF4B-00C04F79EFBC}") = "ASPA005_3", "ASPA005_3\ASPA005_3.csproj", "{F8D3F5DB-16B0-4B53-B405-3C72E180AA82}"
EndProject
Project("{FAE04EC0-301F-11D3-BF4B-00C04F79EFBC}") = "Test_ASPA005_3", "Test_ASPA005_3\Test_ASPA005_3.csproj", "{B7EE9782-1F8D-4819-AD54-A4AA5A91F712}"
EndProject
Global
	GlobalSection(SolutionConfigurationPlatforms) = preSolution
		Debug|Any CPU = Debug|Any CPU
		Release|Any CPU = Release|Any CPU
	EndGlobalSection
	GlobalSection(ProjectConfigurationPlatforms) = postSolution
		{431D9E31-029B-47A0-A2BC-D9030719E4DC}.Debug|Any CPU.ActiveCfg = Debug|Any CPU
		{431D9E31-029B-47A0-A2BC-D9030719E4DC}.Debug|Any CPU.Build.0 = Debug|Any CPU
		{431D9E31-029B-47A0-A2BC-D9030719E4DC}.Release|Any CPU.ActiveCfg = Release|Any CPU
		{431D9E31-029B-47A0-A2BC-D9030719E4DC}.Release|Any CPU.Build.0 = Release|Any CPU
		{11092904-D2E8-483B-A0B7-62592B2E30D4}.Debug|Any CPU.ActiveCfg = Debug|Any CPU
		{11092904-D2E8-483B-A0B7-62592B2E30D4}.Debug|Any CPU.Build.0 = Debug|Any CPU
		{11092904-D2E8-483B-A0B7-62592B2E30D4}.Release|Any CPU.ActiveCfg = Release|Any CPU
		{11092904-D2E8-483B-A0B7-62592B2E30D4}.Release|Any CPU.Build.0 = Release|Any CPU
		{CF0FDB0C-7243-4D89-B4A6-170581179B0B}.Debug|Any CPU.ActiveCfg = Debug|Any CPU
		{CF0FDB0C-7243-4D89-B4A6-170581179B0B}.Debug|Any CPU.Build.0 = Debug|Any CPU
		{CF0FDB0C-7243-4D89-B4A6-170581179B0B}.Release|Any CPU.ActiveCfg = Release|Any CPU
		{CF0FDB0C-7243-4D89-B4A6-170581179B0B}.Release|Any CPU.Build.0 = Release|Any CPU
		{3FDB14B7-9307-4AA0-9459-CF2B0F0560A7}.Debug|Any CPU.ActiveCfg = Debug|Any CPU
		{3FDB14B7-9307-4AA0-9459-CF2B0F0560A7}.Debug|Any CPU.Build.0 = Debug|Any CPU
		{3FDB14B7-9307-4AA0-9459-CF2B0F0560A7}.Release|Any CPU.ActiveCfg = Release|Any CPU
		{3FDB14B7-9307-4AA0-9459-CF2B0F0560A7}.Release|Any CPU.Build.0 = Release|Any CPU
		{23D3B92C-9FB0-4E9E-BB07-22C668811830}.Debug|Any CPU.ActiveCfg = Debug|Any CPU
		{23D3B92C-9FB0-4E9E-BB07-22C668811830}.Debug|Any CPU.Build.0 = Debug|Any CPU
		{23D3B92C-9FB0-4E9E-BB07-22C668811830}.Release|Any CPU.ActiveCfg = Release|Any CPU
		{23D3B92C-9FB0-4E9E-BB07-22C668811830}.Release|Any CPU.Build.0 = Release|Any CPU
		{9877132F-031A-4DBB-9C55-F8B74291D0EA}.Debug|Any CPU.ActiveCfg = Debug|Any CPU
		{9877132F-031A-4DBB-9C55-F8B74291D0EA}.Debug|Any CPU.Build.0 = Debug|Any CPU
		{9877132F-031A-4DBB-9C55-F8B74291D0EA}.Release|Any CPU.ActiveCfg = Release|Any CPU
		{9877132F-031A-4DBB-9C55-F8B74291D0EA}.Release|Any CPU.Build.0 = Release|Any CPU
		{17C3E8EB-2D5B-4788-893D-196905F83FDE}.Debug|Any CPU.ActiveCfg = Debug|Any CPU
		{17C3E8EB-2D5B-4788-893D-196905F83FDE}.Debug|Any CPU.Build.0 = Debug|Any CPU
		{17C3E8EB-2D5B-4788-893D-196905F83FDE}.Release|Any CPU.ActiveCfg = Release|Any CPU
		{17C3E8EB-2D5B-4788-893D-196905F83FDE}.Release|Any CPU.Build.0 = Release|Any CPU
		{B8C0E061-1132-4F44-9C8D-551970F04C81}.Debug|Any CPU.ActiveCfg = Debug|Any CPU
		{B8C0E061-1132-4F44-9C8D-551970F04C81}.Debug|Any CPU.Build.0 = Debug|Any CPU
		{B8C0E061-1132-4F44-9C8D-551970F04C81}.Release|Any CPU.ActiveCfg = Release|Any CPU
		{B8C0E061-1132-4F44-9C8D-551970F04C81}.Release|Any CPU.Build.0 = Release|Any CPU
		{5D69E4D7-3CB0-4B35-AAD5-6C8EB0B2F624}.Debug|Any CPU.ActiveCfg = Debug|Any CPU
		{5D69E4D7-3CB0-4B35-AAD5-6C8EB0B2F624}.Debug|Any CPU.Build.0 = Debug|Any CPU
		{5D69E4D7-3CB0-4B35-AAD5-6C8EB0B2F624}.Release|Any CPU.ActiveCfg = Release|Any CPU
		{5D69E4D7-3CB0-4B35-AAD5-6C8EB0B2F624}.Release|Any CPU.Build.0 = Release|Any CPU
		{AF57A552-F521-4620-B46A-56A985E84274}.Debug|Any CPU.ActiveCfg = Debug|Any CPU
		{AF57A552-F521-4620-B46A-56A985E84274}.Debug|Any CPU.Build.0 = Debug|Any CPU
		{AF57A552-F521-4620-B46A-56A985E84274}.Release|Any CPU.ActiveCfg = Release|Any CPU
		{AF57A552-F521-4620-B46A-56A985E84274}.Release|Any CPU.Build.0 = Release|Any CPU
		{B0FB1E72-CC83-49FB-8A6D-66F942F08080}.Debug|Any CPU.ActiveCfg = Debug|Any CPU
		{B0FB1E72-CC83-49FB-8A6D-66F942F08080}.Debug|Any CPU.Build.0 = Debug|Any CPU
		{B0FB1E72-CC83-49FB-8A6D-66F942F08080}.Release|Any CPU.ActiveCfg = Release|Any CPU
		{B0FB1E72-CC83-49FB-8A6D-66F942F08080}.Release|Any CPU.Build.0 = Release|Any CPU
		{45E113C9-EFCA-46F6-877A-E30A2854E820}.Debug|Any CPU.ActiveCfg = Debug|Any CPU
		{45E113C9-EFCA-46F6-877A-E30A2854E820}.Debug|Any CPU.Build.0 = Debug|Any CPU
		{45E113C9-EFCA-46F6-877A-E30A2854E820}.Release|Any CPU.ActiveCfg = Release|Any CPU
		{45E113C9-EFCA-46F6-877A-E30A2854E820}.Release|Any CPU.Build.0 = Release|Any CPU
		{3540D802-1709-4CE3-A578-6BB0DF5BCB03}.Debug|Any CPU.ActiveCfg = Debug|Any CPU
		{3540D802-1709-4CE3-A578-6BB0DF5BCB03}.Debug|Any CPU.Build.0 = Debug|Any CPU
		{3540D802-1709-4CE3-A578-6BB0DF5BCB03}.Release|Any CPU.ActiveCfg = Release|Any CPU
		{3540D802-1709-4CE3-A578-6BB0DF5BCB03}.Release|Any CPU.Build.0 = Release|Any CPU
		{E63008F7-21CF-41D6-8AFE-755ADB7086E4}.Debug|Any CPU.ActiveCfg = Debug|Any CPU
		{E63008F7-21CF-41D6-8AFE-755ADB7086E4}.Debug|Any CPU.Build.0 = Debug|Any CPU
		{E63008F7-21CF-41D6-8AFE-755ADB7086E4}.Release|Any CPU.ActiveCfg = Release|Any CPU
		{E63008F7-21CF-41D6-8AFE-755ADB7086E4}.Release|Any CPU.Build.0 = Release|Any CPU
		{F8D3F5DB-16B0-4B53-B405-3C72E180AA82}.Debug|Any CPU.ActiveCfg = Debug|Any CPU
		{F8D3F5DB-16B0-4B53-B405-3C72E180AA82}.Debug|Any CPU.Build.0 = Debug|Any CPU
		{F8D3F5DB-16B0-4B53-B405-3C72E180AA82}.Release|Any CPU.ActiveCfg = Release|Any CPU
		{F8D3F5DB-16B0-4B53-B405-3C72E180AA82}.Release|Any CPU.Build.0 = Release|Any CPU
		{B7EE9782-1F8D-4819-AD54-A4AA5A91F712}.Debug|Any CPU.ActiveCfg = Debug|Any CPU
		{B7EE9782-1F8D-4819-AD54-A4AA5A91F712}.Debug|Any CPU.Build.0 = Debug|Any CPU
		{B7EE9782-1F8D-4819-AD54-A4AA5A91F712}.Release|Any CPU.ActiveCfg = Release|Any CPU
		{B7EE9782-1F8D-4819-AD54-A4AA5A91F712}.Release|Any CPU.Build.0 = Release|Any CPU
	EndGlobalSection
	GlobalSection(SolutionProperties) = preSolution
		HideSolutionNode = FALSE
	EndGlobalSection
EndGlobal
